// !$*UTF8*$!
{
	archiveVersion = 1;
	classes = {
	};
	objectVersion = 55;
	objects = {

/* Begin PBXBuildFile section */
		5342BD9927E9F79100B0E018 /* AppDelegate.swift in Sources */ = {isa = PBXBuildFile; fileRef = 5342BD9827E9F79100B0E018 /* AppDelegate.swift */; };
		5342BD9B27E9F79100B0E018 /* SceneDelegate.swift in Sources */ = {isa = PBXBuildFile; fileRef = 5342BD9A27E9F79100B0E018 /* SceneDelegate.swift */; };
		5342BD9D27E9F79100B0E018 /* ViewController.swift in Sources */ = {isa = PBXBuildFile; fileRef = 5342BD9C27E9F79100B0E018 /* ViewController.swift */; };
		5342BDA027E9F79100B0E018 /* Main.storyboard in Resources */ = {isa = PBXBuildFile; fileRef = 5342BD9E27E9F79100B0E018 /* Main.storyboard */; };
		5342BDA327E9F79100B0E018 /* github.xcdatamodeld in Sources */ = {isa = PBXBuildFile; fileRef = 5342BDA127E9F79100B0E018 /* github.xcdatamodeld */; };
		5342BDA527E9F79200B0E018 /* Assets.xcassets in Resources */ = {isa = PBXBuildFile; fileRef = 5342BDA427E9F79200B0E018 /* Assets.xcassets */; };
		5342BDA827E9F79200B0E018 /* LaunchScreen.storyboard in Resources */ = {isa = PBXBuildFile; fileRef = 5342BDA627E9F79200B0E018 /* LaunchScreen.storyboard */; };
		5342BDB327E9F79200B0E018 /* githubTests.swift in Sources */ = {isa = PBXBuildFile; fileRef = 5342BDB227E9F79200B0E018 /* githubTests.swift */; };
		5342BDBD27E9F79200B0E018 /* githubUITests.swift in Sources */ = {isa = PBXBuildFile; fileRef = 5342BDBC27E9F79200B0E018 /* githubUITests.swift */; };
		5342BDBF27E9F79200B0E018 /* githubUITestsLaunchTests.swift in Sources */ = {isa = PBXBuildFile; fileRef = 5342BDBE27E9F79200B0E018 /* githubUITestsLaunchTests.swift */; };
/* End PBXBuildFile section */

/* Begin PBXContainerItemProxy section */
		5342BDAF27E9F79200B0E018 /* PBXContainerItemProxy */ = {
			isa = PBXContainerItemProxy;
			containerPortal = 5342BD8D27E9F79100B0E018 /* Project object */;
			proxyType = 1;
			remoteGlobalIDString = 5342BD9427E9F79100B0E018;
			remoteInfo = github;
		};
		5342BDB927E9F79200B0E018 /* PBXContainerItemProxy */ = {
			isa = PBXContainerItemProxy;
			containerPortal = 5342BD8D27E9F79100B0E018 /* Project object */;
			proxyType = 1;
			remoteGlobalIDString = 5342BD9427E9F79100B0E018;
			remoteInfo = github;
		};
/* End PBXContainerItemProxy section */

/* Begin PBXFileReference section */
		5342BD9527E9F79100B0E018 /* github.app */ = {isa = PBXFileReference; explicitFileType = wrapper.application; includeInIndex = 0; path = github.app; sourceTree = BUILT_PRODUCTS_DIR; };
		5342BD9827E9F79100B0E018 /* AppDelegate.swift */ = {isa = PBXFileReference; lastKnownFileType = sourcecode.swift; path = AppDelegate.swift; sourceTree = "<group>"; };
		5342BD9A27E9F79100B0E018 /* SceneDelegate.swift */ = {isa = PBXFileReference; lastKnownFileType = sourcecode.swift; path = SceneDelegate.swift; sourceTree = "<group>"; };
		5342BD9C27E9F79100B0E018 /* ViewController.swift */ = {isa = PBXFileReference; lastKnownFileType = sourcecode.swift; path = ViewController.swift; sourceTree = "<group>"; };
		5342BD9F27E9F79100B0E018 /* Base */ = {isa = PBXFileReference; lastKnownFileType = file.storyboard; name = Base; path = Base.lproj/Main.storyboard; sourceTree = "<group>"; };
		5342BDA227E9F79100B0E018 /* github.xcdatamodel */ = {isa = PBXFileReference; lastKnownFileType = wrapper.xcdatamodel; path = github.xcdatamodel; sourceTree = "<group>"; };
		5342BDA427E9F79200B0E018 /* Assets.xcassets */ = {isa = PBXFileReference; lastKnownFileType = folder.assetcatalog; path = Assets.xcassets; sourceTree = "<group>"; };
		5342BDA727E9F79200B0E018 /* Base */ = {isa = PBXFileReference; lastKnownFileType = file.storyboard; name = Base; path = Base.lproj/LaunchScreen.storyboard; sourceTree = "<group>"; };
		5342BDA927E9F79200B0E018 /* Info.plist */ = {isa = PBXFileReference; lastKnownFileType = text.plist.xml; path = Info.plist; sourceTree = "<group>"; };
		5342BDAE27E9F79200B0E018 /* githubTests.xctest */ = {isa = PBXFileReference; explicitFileType = wrapper.cfbundle; includeInIndex = 0; path = githubTests.xctest; sourceTree = BUILT_PRODUCTS_DIR; };
		5342BDB227E9F79200B0E018 /* githubTests.swift */ = {isa = PBXFileReference; lastKnownFileType = sourcecode.swift; path = githubTests.swift; sourceTree = "<group>"; };
		5342BDB827E9F79200B0E018 /* githubUITests.xctest */ = {isa = PBXFileReference; explicitFileType = wrapper.cfbundle; includeInIndex = 0; path = githubUITests.xctest; sourceTree = BUILT_PRODUCTS_DIR; };
		5342BDBC27E9F79200B0E018 /* githubUITests.swift */ = {isa = PBXFileReference; lastKnownFileType = sourcecode.swift; path = githubUITests.swift; sourceTree = "<group>"; };
		5342BDBE27E9F79200B0E018 /* githubUITestsLaunchTests.swift */ = {isa = PBXFileReference; lastKnownFileType = sourcecode.swift; path = githubUITestsLaunchTests.swift; sourceTree = "<group>"; };
/* End PBXFileReference section */

/* Begin PBXFrameworksBuildPhase section */
		5342BD9227E9F79100B0E018 /* Frameworks */ = {
			isa = PBXFrameworksBuildPhase;
			buildActionMask = 2147483647;
			files = (
			);
			runOnlyForDeploymentPostprocessing = 0;
		};
		5342BDAB27E9F79200B0E018 /* Frameworks */ = {
			isa = PBXFrameworksBuildPhase;
			buildActionMask = 2147483647;
			files = (
			);
			runOnlyForDeploymentPostprocessing = 0;
		};
		5342BDB527E9F79200B0E018 /* Frameworks */ = {
			isa = PBXFrameworksBuildPhase;
			buildActionMask = 2147483647;
			files = (
			);
			runOnlyForDeploymentPostprocessing = 0;
		};
/* End PBXFrameworksBuildPhase section */

/* Begin PBXGroup section */
		5342BD8C27E9F79100B0E018 = {
			isa = PBXGroup;
			children = (
				5342BD9727E9F79100B0E018 /* github */,
				5342BDB127E9F79200B0E018 /* githubTests */,
				5342BDBB27E9F79200B0E018 /* githubUITests */,
				5342BD9627E9F79100B0E018 /* Products */,
			);
			sourceTree = "<group>";
		};
		5342BD9627E9F79100B0E018 /* Products */ = {
			isa = PBXGroup;
			children = (
				5342BD9527E9F79100B0E018 /* github.app */,
				5342BDAE27E9F79200B0E018 /* githubTests.xctest */,
				5342BDB827E9F79200B0E018 /* githubUITests.xctest */,
			);
			name = Products;
			sourceTree = "<group>";
		};
		5342BD9727E9F79100B0E018 /* github */ = {
			isa = PBXGroup;
			children = (
				5342BD9827E9F79100B0E018 /* AppDelegate.swift */,
				5342BD9A27E9F79100B0E018 /* SceneDelegate.swift */,
				5342BD9C27E9F79100B0E018 /* ViewController.swift */,
				5342BD9E27E9F79100B0E018 /* Main.storyboard */,
				5342BDA427E9F79200B0E018 /* Assets.xcassets */,
				5342BDA627E9F79200B0E018 /* LaunchScreen.storyboard */,
				5342BDA927E9F79200B0E018 /* Info.plist */,
				5342BDA127E9F79100B0E018 /* github.xcdatamodeld */,
			);
			path = github;
			sourceTree = "<group>";
		};
		5342BDB127E9F79200B0E018 /* githubTests */ = {
			isa = PBXGroup;
			children = (
				5342BDB227E9F79200B0E018 /* githubTests.swift */,
			);
			path = githubTests;
			sourceTree = "<group>";
		};
		5342BDBB27E9F79200B0E018 /* githubUITests */ = {
			isa = PBXGroup;
			children = (
				5342BDBC27E9F79200B0E018 /* githubUITests.swift */,
				5342BDBE27E9F79200B0E018 /* githubUITestsLaunchTests.swift */,
			);
			path = githubUITests;
			sourceTree = "<group>";
		};
/* End PBXGroup section */

/* Begin PBXNativeTarget section */
		5342BD9427E9F79100B0E018 /* github */ = {
			isa = PBXNativeTarget;
			buildConfigurationList = 5342BDC227E9F79200B0E018 /* Build configuration list for PBXNativeTarget "github" */;
			buildPhases = (
				5342BD9127E9F79100B0E018 /* Sources */,
				5342BD9227E9F79100B0E018 /* Frameworks */,
				5342BD9327E9F79100B0E018 /* Resources */,
			);
			buildRules = (
			);
			dependencies = (
			);
			name = github;
			productName = github;
			productReference = 5342BD9527E9F79100B0E018 /* github.app */;
			productType = "com.apple.product-type.application";
		};
		5342BDAD27E9F79200B0E018 /* githubTests */ = {
			isa = PBXNativeTarget;
			buildConfigurationList = 5342BDC527E9F79200B0E018 /* Build configuration list for PBXNativeTarget "githubTests" */;
			buildPhases = (
				5342BDAA27E9F79200B0E018 /* Sources */,
				5342BDAB27E9F79200B0E018 /* Frameworks */,
				5342BDAC27E9F79200B0E018 /* Resources */,
			);
			buildRules = (
			);
			dependencies = (
				5342BDB027E9F79200B0E018 /* PBXTargetDependency */,
			);
			name = githubTests;
			productName = githubTests;
			productReference = 5342BDAE27E9F79200B0E018 /* githubTests.xctest */;
			productType = "com.apple.product-type.bundle.unit-test";
		};
		5342BDB727E9F79200B0E018 /* githubUITests */ = {
			isa = PBXNativeTarget;
			buildConfigurationList = 5342BDC827E9F79200B0E018 /* Build configuration list for PBXNativeTarget "githubUITests" */;
			buildPhases = (
				5342BDB427E9F79200B0E018 /* Sources */,
				5342BDB527E9F79200B0E018 /* Frameworks */,
				5342BDB627E9F79200B0E018 /* Resources */,
			);
			buildRules = (
			);
			dependencies = (
				5342BDBA27E9F79200B0E018 /* PBXTargetDependency */,
			);
			name = githubUITests;
			productName = githubUITests;
			productReference = 5342BDB827E9F79200B0E018 /* githubUITests.xctest */;
			productType = "com.apple.product-type.bundle.ui-testing";
		};
/* End PBXNativeTarget section */

/* Begin PBXProject section */
		5342BD8D27E9F79100B0E018 /* Project object */ = {
			isa = PBXProject;
			attributes = {
				BuildIndependentTargetsInParallel = 1;
				LastSwiftUpdateCheck = 1330;
				LastUpgradeCheck = 1330;
				TargetAttributes = {
					5342BD9427E9F79100B0E018 = {
						CreatedOnToolsVersion = 13.3;
					};
					5342BDAD27E9F79200B0E018 = {
						CreatedOnToolsVersion = 13.3;
						TestTargetID = 5342BD9427E9F79100B0E018;
					};
					5342BDB727E9F79200B0E018 = {
						CreatedOnToolsVersion = 13.3;
						TestTargetID = 5342BD9427E9F79100B0E018;
					};
				};
			};
			buildConfigurationList = 5342BD9027E9F79100B0E018 /* Build configuration list for PBXProject "github" */;
			compatibilityVersion = "Xcode 13.0";
			developmentRegion = en;
			hasScannedForEncodings = 0;
			knownRegions = (
				en,
				Base,
			);
			mainGroup = 5342BD8C27E9F79100B0E018;
			productRefGroup = 5342BD9627E9F79100B0E018 /* Products */;
			projectDirPath = "";
			projectRoot = "";
			targets = (
				5342BD9427E9F79100B0E018 /* github */,
				5342BDAD27E9F79200B0E018 /* githubTests */,
				5342BDB727E9F79200B0E018 /* githubUITests */,
			);
		};
/* End PBXProject section */

/* Begin PBXResourcesBuildPhase section */
		5342BD9327E9F79100B0E018 /* Resources */ = {
			isa = PBXResourcesBuildPhase;
			buildActionMask = 2147483647;
			files = (
				5342BDA827E9F79200B0E018 /* LaunchScreen.storyboard in Resources */,
				5342BDA527E9F79200B0E018 /* Assets.xcassets in Resources */,
				5342BDA027E9F79100B0E018 /* Main.storyboard in Resources */,
			);
			runOnlyForDeploymentPostprocessing = 0;
		};
		5342BDAC27E9F79200B0E018 /* Resources */ = {
			isa = PBXResourcesBuildPhase;
			buildActionMask = 2147483647;
			files = (
			);
			runOnlyForDeploymentPostprocessing = 0;
		};
		5342BDB627E9F79200B0E018 /* Resources */ = {
			isa = PBXResourcesBuildPhase;
			buildActionMask = 2147483647;
			files = (
			);
			runOnlyForDeploymentPostprocessing = 0;
		};
/* End PBXResourcesBuildPhase section */

/* Begin PBXSourcesBuildPhase section */
		5342BD9127E9F79100B0E018 /* Sources */ = {
			isa = PBXSourcesBuildPhase;
			buildActionMask = 2147483647;
			files = (
				5342BD9D27E9F79100B0E018 /* ViewController.swift in Sources */,
				5342BD9927E9F79100B0E018 /* AppDelegate.swift in Sources */,
				5342BDA327E9F79100B0E018 /* github.xcdatamodeld in Sources */,
				5342BD9B27E9F79100B0E018 /* SceneDelegate.swift in Sources */,
			);
			runOnlyForDeploymentPostprocessing = 0;
		};
		5342BDAA27E9F79200B0E018 /* Sources */ = {
			isa = PBXSourcesBuildPhase;
			buildActionMask = 2147483647;
			files = (
				5342BDB327E9F79200B0E018 /* githubTests.swift in Sources */,
			);
			runOnlyForDeploymentPostprocessing = 0;
		};
		5342BDB427E9F79200B0E018 /* Sources */ = {
			isa = PBXSourcesBuildPhase;
			buildActionMask = 2147483647;
			files = (
				5342BDBD27E9F79200B0E018 /* githubUITests.swift in Sources */,
				5342BDBF27E9F79200B0E018 /* githubUITestsLaunchTests.swift in Sources */,
			);
			runOnlyForDeploymentPostprocessing = 0;
		};
/* End PBXSourcesBuildPhase section */

/* Begin PBXTargetDependency section */
		5342BDB027E9F79200B0E018 /* PBXTargetDependency */ = {
			isa = PBXTargetDependency;
			target = 5342BD9427E9F79100B0E018 /* github */;
			targetProxy = 5342BDAF27E9F79200B0E018 /* PBXContainerItemProxy */;
		};
		5342BDBA27E9F79200B0E018 /* PBXTargetDependency */ = {
			isa = PBXTargetDependency;
			target = 5342BD9427E9F79100B0E018 /* github */;
			targetProxy = 5342BDB927E9F79200B0E018 /* PBXContainerItemProxy */;
		};
/* End PBXTargetDependency section */

/* Begin PBXVariantGroup section */
		5342BD9E27E9F79100B0E018 /* Main.storyboard */ = {
			isa = PBXVariantGroup;
			children = (
				5342BD9F27E9F79100B0E018 /* Base */,
			);
			name = Main.storyboard;
			sourceTree = "<group>";
		};
		5342BDA627E9F79200B0E018 /* LaunchScreen.storyboard */ = {
			isa = PBXVariantGroup;
			children = (
				5342BDA727E9F79200B0E018 /* Base */,
			);
			name = LaunchScreen.storyboard;
			sourceTree = "<group>";
		};
/* End PBXVariantGroup section */

/* Begin XCBuildConfiguration section */
		5342BDC027E9F79200B0E018 /* Debug */ = {
			isa = XCBuildConfiguration;
			buildSettings = {
				ALWAYS_SEARCH_USER_PATHS = NO;
				CLANG_ANALYZER_NONNULL = YES;
				CLANG_ANALYZER_NUMBER_OBJECT_CONVERSION = YES_AGGRESSIVE;
				CLANG_CXX_LANGUAGE_STANDARD = "gnu++17";
				CLANG_ENABLE_MODULES = YES;
				CLANG_ENABLE_OBJC_ARC = YES;
				CLANG_ENABLE_OBJC_WEAK = YES;
				CLANG_WARN_BLOCK_CAPTURE_AUTORELEASING = YES;
				CLANG_WARN_BOOL_CONVERSION = YES;
				CLANG_WARN_COMMA = YES;
				CLANG_WARN_CONSTANT_CONVERSION = YES;
				CLANG_WARN_DEPRECATED_OBJC_IMPLEMENTATIONS = YES;
				CLANG_WARN_DIRECT_OBJC_ISA_USAGE = YES_ERROR;
				CLANG_WARN_DOCUMENTATION_COMMENTS = YES;
				CLANG_WARN_EMPTY_BODY = YES;
				CLANG_WARN_ENUM_CONVERSION = YES;
				CLANG_WARN_INFINITE_RECURSION = YES;
				CLANG_WARN_INT_CONVERSION = YES;
				CLANG_WARN_NON_LITERAL_NULL_CONVERSION = YES;
				CLANG_WARN_OBJC_IMPLICIT_RETAIN_SELF = YES;
				CLANG_WARN_OBJC_LITERAL_CONVERSION = YES;
				CLANG_WARN_OBJC_ROOT_CLASS = YES_ERROR;
				CLANG_WARN_QUOTED_INCLUDE_IN_FRAMEWORK_HEADER = YES;
				CLANG_WARN_RANGE_LOOP_ANALYSIS = YES;
				CLANG_WARN_STRICT_PROTOTYPES = YES;
				CLANG_WARN_SUSPICIOUS_MOVE = YES;
				CLANG_WARN_UNGUARDED_AVAILABILITY = YES_AGGRESSIVE;
				CLANG_WARN_UNREACHABLE_CODE = YES;
				CLANG_WARN__DUPLICATE_METHOD_MATCH = YES;
				COPY_PHASE_STRIP = NO;
				DEBUG_INFORMATION_FORMAT = dwarf;
				ENABLE_STRICT_OBJC_MSGSEND = YES;
				ENABLE_TESTABILITY = YES;
				GCC_C_LANGUAGE_STANDARD = gnu11;
				GCC_DYNAMIC_NO_PIC = NO;
				GCC_NO_COMMON_BLOCKS = YES;
				GCC_OPTIMIZATION_LEVEL = 0;
				GCC_PREPROCESSOR_DEFINITIONS = (
					"DEBUG=1",
					"$(inherited)",
				);
				GCC_WARN_64_TO_32_BIT_CONVERSION = YES;
				GCC_WARN_ABOUT_RETURN_TYPE = YES_ERROR;
				GCC_WARN_UNDECLARED_SELECTOR = YES;
				GCC_WARN_UNINITIALIZED_AUTOS = YES_AGGRESSIVE;
				GCC_WARN_UNUSED_FUNCTION = YES;
				GCC_WARN_UNUSED_VARIABLE = YES;
				IPHONEOS_DEPLOYMENT_TARGET = 15.4;
				MTL_ENABLE_DEBUG_INFO = INCLUDE_SOURCE;
				MTL_FAST_MATH = YES;
				ONLY_ACTIVE_ARCH = YES;
				SDKROOT = iphoneos;
				SWIFT_ACTIVE_COMPILATION_CONDITIONS = DEBUG;
				SWIFT_OPTIMIZATION_LEVEL = "-Onone";
			};
			name = Debug;
		};
		5342BDC127E9F79200B0E018 /* Release */ = {
			isa = XCBuildConfiguration;
			buildSettings = {
				ALWAYS_SEARCH_USER_PATHS = NO;
				CLANG_ANALYZER_NONNULL = YES;
				CLANG_ANALYZER_NUMBER_OBJECT_CONVERSION = YES_AGGRESSIVE;
				CLANG_CXX_LANGUAGE_STANDARD = "gnu++17";
				CLANG_ENABLE_MODULES = YES;
				CLANG_ENABLE_OBJC_ARC = YES;
				CLANG_ENABLE_OBJC_WEAK = YES;
				CLANG_WARN_BLOCK_CAPTURE_AUTORELEASING = YES;
				CLANG_WARN_BOOL_CONVERSION = YES;
				CLANG_WARN_COMMA = YES;
				CLANG_WARN_CONSTANT_CONVERSION = YES;
				CLANG_WARN_DEPRECATED_OBJC_IMPLEMENTATIONS = YES;
				CLANG_WARN_DIRECT_OBJC_ISA_USAGE = YES_ERROR;
				CLANG_WARN_DOCUMENTATION_COMMENTS = YES;
				CLANG_WARN_EMPTY_BODY = YES;
				CLANG_WARN_ENUM_CONVERSION = YES;
				CLANG_WARN_INFINITE_RECURSION = YES;
				CLANG_WARN_INT_CONVERSION = YES;
				CLANG_WARN_NON_LITERAL_NULL_CONVERSION = YES;
				CLANG_WARN_OBJC_IMPLICIT_RETAIN_SELF = YES;
				CLANG_WARN_OBJC_LITERAL_CONVERSION = YES;
				CLANG_WARN_OBJC_ROOT_CLASS = YES_ERROR;
				CLANG_WARN_QUOTED_INCLUDE_IN_FRAMEWORK_HEADER = YES;
				CLANG_WARN_RANGE_LOOP_ANALYSIS = YES;
				CLANG_WARN_STRICT_PROTOTYPES = YES;
				CLANG_WARN_SUSPICIOUS_MOVE = YES;
				CLANG_WARN_UNGUARDED_AVAILABILITY = YES_AGGRESSIVE;
				CLANG_WARN_UNREACHABLE_CODE = YES;
				CLANG_WARN__DUPLICATE_METHOD_MATCH = YES;
				COPY_PHASE_STRIP = NO;
				DEBUG_INFORMATION_FORMAT = "dwarf-with-dsym";
				ENABLE_NS_ASSERTIONS = NO;
				ENABLE_STRICT_OBJC_MSGSEND = YES;
				GCC_C_LANGUAGE_STANDARD = gnu11;
				GCC_NO_COMMON_BLOCKS = YES;
				GCC_WARN_64_TO_32_BIT_CONVERSION = YES;
				GCC_WARN_ABOUT_RETURN_TYPE = YES_ERROR;
				GCC_WARN_UNDECLARED_SELECTOR = YES;
				GCC_WARN_UNINITIALIZED_AUTOS = YES_AGGRESSIVE;
				GCC_WARN_UNUSED_FUNCTION = YES;
				GCC_WARN_UNUSED_VARIABLE = YES;
				IPHONEOS_DEPLOYMENT_TARGET = 15.4;
				MTL_ENABLE_DEBUG_INFO = NO;
				MTL_FAST_MATH = YES;
				SDKROOT = iphoneos;
				SWIFT_COMPILATION_MODE = wholemodule;
				SWIFT_OPTIMIZATION_LEVEL = "-O";
				VALIDATE_PRODUCT = YES;
			};
			name = Release;
		};
		5342BDC327E9F79200B0E018 /* Debug */ = {
			isa = XCBuildConfiguration;
			buildSettings = {
				ASSETCATALOG_COMPILER_APPICON_NAME = AppIcon;
				ASSETCATALOG_COMPILER_GLOBAL_ACCENT_COLOR_NAME = AccentColor;
				CODE_SIGN_STYLE = Automatic;
				CURRENT_PROJECT_VERSION = 1;
				DEVELOPMENT_TEAM = 5KL368DK64;
				GENERATE_INFOPLIST_FILE = YES;
				INFOPLIST_FILE = github/Info.plist;
				INFOPLIST_KEY_UIApplicationSupportsIndirectInputEvents = YES;
				INFOPLIST_KEY_UILaunchStoryboardName = LaunchScreen;
				INFOPLIST_KEY_UIMainStoryboardFile = Main;
				INFOPLIST_KEY_UISupportedInterfaceOrientations = UIInterfaceOrientationPortrait;
				INFOPLIST_KEY_UISupportedInterfaceOrientations_iPad = "UIInterfaceOrientationPortrait UIInterfaceOrientationPortraitUpsideDown UIInterfaceOrientationLandscapeLeft UIInterfaceOrientationLandscapeRight";
				INFOPLIST_KEY_UISupportedInterfaceOrientations_iPhone = "UIInterfaceOrientationPortrait UIInterfaceOrientationLandscapeLeft UIInterfaceOrientationLandscapeRight";
				LD_RUNPATH_SEARCH_PATHS = (
					"$(inherited)",
					"@executable_path/Frameworks",
				);
				MARKETING_VERSION = 1.0;
				PRODUCT_BUNDLE_IDENTIFIER = com.test.sample.github;
				PRODUCT_NAME = "$(TARGET_NAME)";
				SWIFT_EMIT_LOC_STRINGS = YES;
				SWIFT_VERSION = 5.0;
				TARGETED_DEVICE_FAMILY = "1,2";
			};
			name = Debug;
		};
		5342BDC427E9F79200B0E018 /* Release */ = {
			isa = XCBuildConfiguration;
			buildSettings = {
				ASSETCATALOG_COMPILER_APPICON_NAME = AppIcon;
				ASSETCATALOG_COMPILER_GLOBAL_ACCENT_COLOR_NAME = AccentColor;
				CODE_SIGN_STYLE = Automatic;
				CURRENT_PROJECT_VERSION = 1;
				DEVELOPMENT_TEAM = 5KL368DK64;
				GENERATE_INFOPLIST_FILE = YES;
				INFOPLIST_FILE = github/Info.plist;
				INFOPLIST_KEY_UIApplicationSupportsIndirectInputEvents = YES;
				INFOPLIST_KEY_UILaunchStoryboardName = LaunchScreen;
				INFOPLIST_KEY_UIMainStoryboardFile = Main;
				INFOPLIST_KEY_UISupportedInterfaceOrientations = UIInterfaceOrientationPortrait;
				INFOPLIST_KEY_UISupportedInterfaceOrientations_iPad = "UIInterfaceOrientationPortrait UIInterfaceOrientationPortraitUpsideDown UIInterfaceOrientationLandscapeLeft UIInterfaceOrientationLandscapeRight";
				INFOPLIST_KEY_UISupportedInterfaceOrientations_iPhone = "UIInterfaceOrientationPortrait UIInterfaceOrientationLandscapeLeft UIInterfaceOrientationLandscapeRight";
				LD_RUNPATH_SEARCH_PATHS = (
					"$(inherited)",
					"@executable_path/Frameworks",
				);
				MARKETING_VERSION = 1.0;
				PRODUCT_BUNDLE_IDENTIFIER = com.test.sample.github;
				PRODUCT_NAME = "$(TARGET_NAME)";
				SWIFT_EMIT_LOC_STRINGS = YES;
				SWIFT_VERSION = 5.0;
				TARGETED_DEVICE_FAMILY = "1,2";
			};
			name = Release;
		};
		5342BDC627E9F79200B0E018 /* Debug */ = {
			isa = XCBuildConfiguration;
			buildSettings = {
				ALWAYS_EMBED_SWIFT_STANDARD_LIBRARIES = YES;
				BUNDLE_LOADER = "$(TEST_HOST)";
				CODE_SIGN_STYLE = Automatic;
				CURRENT_PROJECT_VERSION = 1;
				DEVELOPMENT_TEAM = 5KL368DK64;
				GENERATE_INFOPLIST_FILE = YES;
				IPHONEOS_DEPLOYMENT_TARGET = 15.4;
				MARKETING_VERSION = 1.0;
				PRODUCT_BUNDLE_IDENTIFIER = com.test.sample.githubTests;
				PRODUCT_NAME = "$(TARGET_NAME)";
				SWIFT_EMIT_LOC_STRINGS = NO;
				SWIFT_VERSION = 5.0;
				TARGETED_DEVICE_FAMILY = "1,2";
				TEST_HOST = "$(BUILT_PRODUCTS_DIR)/github.app/github";
			};
			name = Debug;
		};
		5342BDC727E9F79200B0E018 /* Release */ = {
			isa = XCBuildConfiguration;
			buildSettings = {
				ALWAYS_EMBED_SWIFT_STANDARD_LIBRARIES = YES;
				BUNDLE_LOADER = "$(TEST_HOST)";
				CODE_SIGN_STYLE = Automatic;
				CURRENT_PROJECT_VERSION = 1;
				DEVELOPMENT_TEAM = 5KL368DK64;
				GENERATE_INFOPLIST_FILE = YES;
				IPHONEOS_DEPLOYMENT_TARGET = 15.4;
				MARKETING_VERSION = 1.0;
				PRODUCT_BUNDLE_IDENTIFIER = com.test.sample.githubTests;
				PRODUCT_NAME = "$(TARGET_NAME)";
				SWIFT_EMIT_LOC_STRINGS = NO;
				SWIFT_VERSION = 5.0;
				TARGETED_DEVICE_FAMILY = "1,2";
				TEST_HOST = "$(BUILT_PRODUCTS_DIR)/github.app/github";
			};
			name = Release;
		};
		5342BDC927E9F79200B0E018 /* Debug */ = {
			isa = XCBuildConfiguration;
			buildSettings = {
				ALWAYS_EMBED_SWIFT_STANDARD_LIBRARIES = YES;
				CODE_SIGN_STYLE = Automatic;
				CURRENT_PROJECT_VERSION = 1;
				DEVELOPMENT_TEAM = 5KL368DK64;
				GENERATE_INFOPLIST_FILE = YES;
				MARKETING_VERSION = 1.0;
				PRODUCT_BUNDLE_IDENTIFIER = com.test.sample.githubUITests;
				PRODUCT_NAME = "$(TARGET_NAME)";
				SWIFT_EMIT_LOC_STRINGS = NO;
				SWIFT_VERSION = 5.0;
				TARGETED_DEVICE_FAMILY = "1,2";
				TEST_TARGET_NAME = github;
			};
			name = Debug;
		};
		5342BDCA27E9F79200B0E018 /* Release */ = {
			isa = XCBuildConfiguration;
			buildSettings = {
				ALWAYS_EMBED_SWIFT_STANDARD_LIBRARIES = YES;
				CODE_SIGN_STYLE = Automatic;
				CURRENT_PROJECT_VERSION = 1;
				DEVELOPMENT_TEAM = 5KL368DK64;
				GENERATE_INFOPLIST_FILE = YES;
				MARKETING_VERSION = 1.0;
				PRODUCT_BUNDLE_IDENTIFIER = com.test.sample.githubUITests;
				PRODUCT_NAME = "$(TARGET_NAME)";
				SWIFT_EMIT_LOC_STRINGS = NO;
				SWIFT_VERSION = 5.0;
				TARGETED_DEVICE_FAMILY = "1,2";
				TEST_TARGET_NAME = github;
			};
			name = Release;
		};
/* End XCBuildConfiguration section */

/* Begin XCConfigurationList section */
		5342BD9027E9F79100B0E018 /* Build configuration list for PBXProject "github" */ = {
			isa = XCConfigurationList;
			buildConfigurations = (
				5342BDC027E9F79200B0E018 /* Debug */,
				5342BDC127E9F79200B0E018 /* Release */,
			);
			defaultConfigurationIsVisible = 0;
			defaultConfigurationName = Release;
		};
		5342BDC227E9F79200B0E018 /* Build configuration list for PBXNativeTarget "github" */ = {
			isa = XCConfigurationList;
			buildConfigurations = (
				5342BDC327E9F79200B0E018 /* Debug */,
				5342BDC427E9F79200B0E018 /* Release */,
			);
			defaultConfigurationIsVisible = 0;
			defaultConfigurationName = Release;
		};
		5342BDC527E9F79200B0E018 /* Build configuration list for PBXNativeTarget "githubTests" */ = {
			isa = XCConfigurationList;
			buildConfigurations = (
				5342BDC627E9F79200B0E018 /* Debug */,
				5342BDC727E9F79200B0E018 /* Release */,
			);
			defaultConfigurationIsVisible = 0;
			defaultConfigurationName = Release;
		};
		5342BDC827E9F79200B0E018 /* Build configuration list for PBXNativeTarget "githubUITests" */ = {
			isa = XCConfigurationList;
			buildConfigurations = (
				5342BDC927E9F79200B0E018 /* Debug */,
				5342BDCA27E9F79200B0E018 /* Release */,
			);
			defaultConfigurationIsVisible = 0;
			defaultConfigurationName = Release;
		};
/* End XCConfigurationList section */

/* Begin XCVersionGroup section */
		5342BDA127E9F79100B0E018 /* github.xcdatamodeld */ = {
			isa = XCVersionGroup;
			children = (
				5342BDA227E9F79100B0E018 /* github.xcdatamodel */,
			);
			currentVersion = 5342BDA227E9F79100B0E018 /* github.xcdatamodel */;
			path = github.xcdatamodeld;
			sourceTree = "<group>";
			versionGroupType = wrapper.xcdatamodel;
		};
/* End XCVersionGroup section */
	};
	rootObject = 5342BD8D27E9F79100B0E018 /* Project object */;
}
